// !$*UTF8*$!
{
	archiveVersion = 1;
	classes = {
	};
	objectVersion = 56;
	objects = {

/* Begin PBXBuildFile section */
		4219682929F816D60044606A /* RecipesApp.swift in Sources */ = {isa = PBXBuildFile; fileRef = 4219682829F816D60044606A /* RecipesApp.swift */; };
		4219682B29F816D60044606A /* ContentView.swift in Sources */ = {isa = PBXBuildFile; fileRef = 4219682A29F816D60044606A /* ContentView.swift */; };
		4219682D29F816D80044606A /* Assets.xcassets in Resources */ = {isa = PBXBuildFile; fileRef = 4219682C29F816D80044606A /* Assets.xcassets */; };
		4219683029F816D80044606A /* Preview Assets.xcassets in Resources */ = {isa = PBXBuildFile; fileRef = 4219682F29F816D80044606A /* Preview Assets.xcassets */; };
		4219683A29F816D80044606A /* RecipesTests.swift in Sources */ = {isa = PBXBuildFile; fileRef = 4219683929F816D80044606A /* RecipesTests.swift */; };
		4219684429F816D80044606A /* RecipesUITests.swift in Sources */ = {isa = PBXBuildFile; fileRef = 4219684329F816D80044606A /* RecipesUITests.swift */; };
		4219684629F816D80044606A /* RecipesUITestsLaunchTests.swift in Sources */ = {isa = PBXBuildFile; fileRef = 4219684529F816D80044606A /* RecipesUITestsLaunchTests.swift */; };
		42703FAA29FF4436009E0026 /* Kingfisher in Frameworks */ = {isa = PBXBuildFile; productRef = 42703FA929FF4436009E0026 /* Kingfisher */; };
		42E1779329FD65DA00F14617 /* RecipeVM.swift in Sources */ = {isa = PBXBuildFile; fileRef = 42E1779229FD65DA00F14617 /* RecipeVM.swift */; };
		42E1779529FD668D00F14617 /* Recipe.swift in Sources */ = {isa = PBXBuildFile; fileRef = 42E1779429FD668D00F14617 /* Recipe.swift */; };
		42E1779729FD68D400F14617 /* RemoteImage.swift in Sources */ = {isa = PBXBuildFile; fileRef = 42E1779629FD68D400F14617 /* RemoteImage.swift */; };
		42E1779929FD6AC000F14617 /* SelectedVM.swift in Sources */ = {isa = PBXBuildFile; fileRef = 42E1779829FD6AC000F14617 /* SelectedVM.swift */; };
		42E1779B29FD72A200F14617 /* SelectedRecipe.swift in Sources */ = {isa = PBXBuildFile; fileRef = 42E1779A29FD72A200F14617 /* SelectedRecipe.swift */; };
		42E1779D29FD848100F14617 /* Ingredient.swift in Sources */ = {isa = PBXBuildFile; fileRef = 42E1779C29FD848100F14617 /* Ingredient.swift */; };
/* End PBXBuildFile section */

/* Begin PBXContainerItemProxy section */
		4219683629F816D80044606A /* PBXContainerItemProxy */ = {
			isa = PBXContainerItemProxy;
			containerPortal = 4219681D29F816D60044606A /* Project object */;
			proxyType = 1;
			remoteGlobalIDString = 4219682429F816D60044606A;
			remoteInfo = Recipes;
		};
		4219684029F816D80044606A /* PBXContainerItemProxy */ = {
			isa = PBXContainerItemProxy;
			containerPortal = 4219681D29F816D60044606A /* Project object */;
			proxyType = 1;
			remoteGlobalIDString = 4219682429F816D60044606A;
			remoteInfo = Recipes;
		};
/* End PBXContainerItemProxy section */

/* Begin PBXFileReference section */
		4219682529F816D60044606A /* Recipes.app */ = {isa = PBXFileReference; explicitFileType = wrapper.application; includeInIndex = 0; path = Recipes.app; sourceTree = BUILT_PRODUCTS_DIR; };
		4219682829F816D60044606A /* RecipesApp.swift */ = {isa = PBXFileReference; lastKnownFileType = sourcecode.swift; path = RecipesApp.swift; sourceTree = "<group>"; };
		4219682A29F816D60044606A /* ContentView.swift */ = {isa = PBXFileReference; lastKnownFileType = sourcecode.swift; path = ContentView.swift; sourceTree = "<group>"; };
		4219682C29F816D80044606A /* Assets.xcassets */ = {isa = PBXFileReference; lastKnownFileType = folder.assetcatalog; path = Assets.xcassets; sourceTree = "<group>"; };
		4219682F29F816D80044606A /* Preview Assets.xcassets */ = {isa = PBXFileReference; lastKnownFileType = folder.assetcatalog; path = "Preview Assets.xcassets"; sourceTree = "<group>"; };
		4219683529F816D80044606A /* RecipesTests.xctest */ = {isa = PBXFileReference; explicitFileType = wrapper.cfbundle; includeInIndex = 0; path = RecipesTests.xctest; sourceTree = BUILT_PRODUCTS_DIR; };
		4219683929F816D80044606A /* RecipesTests.swift */ = {isa = PBXFileReference; lastKnownFileType = sourcecode.swift; path = RecipesTests.swift; sourceTree = "<group>"; };
		4219683F29F816D80044606A /* RecipesUITests.xctest */ = {isa = PBXFileReference; explicitFileType = wrapper.cfbundle; includeInIndex = 0; path = RecipesUITests.xctest; sourceTree = BUILT_PRODUCTS_DIR; };
		4219684329F816D80044606A /* RecipesUITests.swift */ = {isa = PBXFileReference; lastKnownFileType = sourcecode.swift; path = RecipesUITests.swift; sourceTree = "<group>"; };
		4219684529F816D80044606A /* RecipesUITestsLaunchTests.swift */ = {isa = PBXFileReference; lastKnownFileType = sourcecode.swift; path = RecipesUITestsLaunchTests.swift; sourceTree = "<group>"; };
		426CCC0829FEFABA003B77C3 /* Info.plist */ = {isa = PBXFileReference; lastKnownFileType = text.plist; path = Info.plist; sourceTree = "<group>"; };
		42E1779229FD65DA00F14617 /* RecipeVM.swift */ = {isa = PBXFileReference; lastKnownFileType = sourcecode.swift; path = RecipeVM.swift; sourceTree = "<group>"; };
		42E1779429FD668D00F14617 /* Recipe.swift */ = {isa = PBXFileReference; lastKnownFileType = sourcecode.swift; path = Recipe.swift; sourceTree = "<group>"; };
		42E1779629FD68D400F14617 /* RemoteImage.swift */ = {isa = PBXFileReference; lastKnownFileType = sourcecode.swift; path = RemoteImage.swift; sourceTree = "<group>"; };
		42E1779829FD6AC000F14617 /* SelectedVM.swift */ = {isa = PBXFileReference; lastKnownFileType = sourcecode.swift; path = SelectedVM.swift; sourceTree = "<group>"; };
		42E1779A29FD72A200F14617 /* SelectedRecipe.swift */ = {isa = PBXFileReference; lastKnownFileType = sourcecode.swift; path = SelectedRecipe.swift; sourceTree = "<group>"; };
		42E1779C29FD848100F14617 /* Ingredient.swift */ = {isa = PBXFileReference; lastKnownFileType = sourcecode.swift; path = Ingredient.swift; sourceTree = "<group>"; };
/* End PBXFileReference section */

/* Begin PBXFrameworksBuildPhase section */
		4219682229F816D60044606A /* Frameworks */ = {
			isa = PBXFrameworksBuildPhase;
			buildActionMask = 2147483647;
			files = (
				42703FAA29FF4436009E0026 /* Kingfisher in Frameworks */,
			);
			runOnlyForDeploymentPostprocessing = 0;
		};
		4219683229F816D80044606A /* Frameworks */ = {
			isa = PBXFrameworksBuildPhase;
			buildActionMask = 2147483647;
			files = (
			);
			runOnlyForDeploymentPostprocessing = 0;
		};
		4219683C29F816D80044606A /* Frameworks */ = {
			isa = PBXFrameworksBuildPhase;
			buildActionMask = 2147483647;
			files = (
			);
			runOnlyForDeploymentPostprocessing = 0;
		};
/* End PBXFrameworksBuildPhase section */

/* Begin PBXGroup section */
		4219681C29F816D60044606A = {
			isa = PBXGroup;
			children = (
				4219682729F816D60044606A /* Recipes */,
				4219683829F816D80044606A /* RecipesTests */,
				4219684229F816D80044606A /* RecipesUITests */,
				4219682629F816D60044606A /* Products */,
			);
			sourceTree = "<group>";
		};
		4219682629F816D60044606A /* Products */ = {
			isa = PBXGroup;
			children = (
				4219682529F816D60044606A /* Recipes.app */,
				4219683529F816D80044606A /* RecipesTests.xctest */,
				4219683F29F816D80044606A /* RecipesUITests.xctest */,
			);
			name = Products;
			sourceTree = "<group>";
		};
		4219682729F816D60044606A /* Recipes */ = {
			isa = PBXGroup;
			children = (
				426CCC0829FEFABA003B77C3 /* Info.plist */,
				4219682829F816D60044606A /* RecipesApp.swift */,
				4219682A29F816D60044606A /* ContentView.swift */,
				42E1779629FD68D400F14617 /* RemoteImage.swift */,
				42E1779429FD668D00F14617 /* Recipe.swift */,
				42E1779A29FD72A200F14617 /* SelectedRecipe.swift */,
				42E1779C29FD848100F14617 /* Ingredient.swift */,
				42E1779229FD65DA00F14617 /* RecipeVM.swift */,
				42E1779829FD6AC000F14617 /* SelectedVM.swift */,
				4219682C29F816D80044606A /* Assets.xcassets */,
				4219682E29F816D80044606A /* Preview Content */,
			);
			path = Recipes;
			sourceTree = "<group>";
		};
		4219682E29F816D80044606A /* Preview Content */ = {
			isa = PBXGroup;
			children = (
				4219682F29F816D80044606A /* Preview Assets.xcassets */,
			);
			path = "Preview Content";
			sourceTree = "<group>";
		};
		4219683829F816D80044606A /* RecipesTests */ = {
			isa = PBXGroup;
			children = (
				4219683929F816D80044606A /* RecipesTests.swift */,
			);
			path = RecipesTests;
			sourceTree = "<group>";
		};
		4219684229F816D80044606A /* RecipesUITests */ = {
			isa = PBXGroup;
			children = (
				4219684329F816D80044606A /* RecipesUITests.swift */,
				4219684529F816D80044606A /* RecipesUITestsLaunchTests.swift */,
			);
			path = RecipesUITests;
			sourceTree = "<group>";
		};
/* End PBXGroup section */

/* Begin PBXNativeTarget section */
		4219682429F816D60044606A /* Recipes */ = {
			isa = PBXNativeTarget;
			buildConfigurationList = 4219684929F816D80044606A /* Build configuration list for PBXNativeTarget "Recipes" */;
			buildPhases = (
				4219682129F816D60044606A /* Sources */,
				4219682229F816D60044606A /* Frameworks */,
				4219682329F816D60044606A /* Resources */,
			);
			buildRules = (
			);
			dependencies = (
			);
			name = Recipes;
			packageProductDependencies = (
				42703FA929FF4436009E0026 /* Kingfisher */,
			);
			productName = Recipes;
			productReference = 4219682529F816D60044606A /* Recipes.app */;
			productType = "com.apple.product-type.application";
		};
		4219683429F816D80044606A /* RecipesTests */ = {
			isa = PBXNativeTarget;
			buildConfigurationList = 4219684C29F816D80044606A /* Build configuration list for PBXNativeTarget "RecipesTests" */;
			buildPhases = (
				4219683129F816D80044606A /* Sources */,
				4219683229F816D80044606A /* Frameworks */,
				4219683329F816D80044606A /* Resources */,
			);
			buildRules = (
			);
			dependencies = (
				4219683729F816D80044606A /* PBXTargetDependency */,
			);
			name = RecipesTests;
			productName = RecipesTests;
			productReference = 4219683529F816D80044606A /* RecipesTests.xctest */;
			productType = "com.apple.product-type.bundle.unit-test";
		};
		4219683E29F816D80044606A /* RecipesUITests */ = {
			isa = PBXNativeTarget;
			buildConfigurationList = 4219684F29F816D80044606A /* Build configuration list for PBXNativeTarget "RecipesUITests" */;
			buildPhases = (
				4219683B29F816D80044606A /* Sources */,
				4219683C29F816D80044606A /* Frameworks */,
				4219683D29F816D80044606A /* Resources */,
			);
			buildRules = (
			);
			dependencies = (
				4219684129F816D80044606A /* PBXTargetDependency */,
			);
			name = RecipesUITests;
			productName = RecipesUITests;
			productReference = 4219683F29F816D80044606A /* RecipesUITests.xctest */;
			productType = "com.apple.product-type.bundle.ui-testing";
		};
/* End PBXNativeTarget section */

/* Begin PBXProject section */
		4219681D29F816D60044606A /* Project object */ = {
			isa = PBXProject;
			attributes = {
				BuildIndependentTargetsInParallel = 1;
				LastSwiftUpdateCheck = 1430;
				LastUpgradeCheck = 1430;
				TargetAttributes = {
					4219682429F816D60044606A = {
						CreatedOnToolsVersion = 14.3;
					};
					4219683429F816D80044606A = {
						CreatedOnToolsVersion = 14.3;
						TestTargetID = 4219682429F816D60044606A;
					};
					4219683E29F816D80044606A = {
						CreatedOnToolsVersion = 14.3;
						TestTargetID = 4219682429F816D60044606A;
					};
				};
			};
			buildConfigurationList = 4219682029F816D60044606A /* Build configuration list for PBXProject "Recipes" */;
			compatibilityVersion = "Xcode 14.0";
			developmentRegion = en;
			hasScannedForEncodings = 0;
			knownRegions = (
				en,
				Base,
			);
			mainGroup = 4219681C29F816D60044606A;
			packageReferences = (
				42703FA829FF4436009E0026 /* XCRemoteSwiftPackageReference "Kingfisher" */,
			);
			productRefGroup = 4219682629F816D60044606A /* Products */;
			projectDirPath = "";
			projectRoot = "";
			targets = (
				4219682429F816D60044606A /* Recipes */,
				4219683429F816D80044606A /* RecipesTests */,
				4219683E29F816D80044606A /* RecipesUITests */,
			);
		};
/* End PBXProject section */

/* Begin PBXResourcesBuildPhase section */
		4219682329F816D60044606A /* Resources */ = {
			isa = PBXResourcesBuildPhase;
			buildActionMask = 2147483647;
			files = (
				4219683029F816D80044606A /* Preview Assets.xcassets in Resources */,
				4219682D29F816D80044606A /* Assets.xcassets in Resources */,
			);
			runOnlyForDeploymentPostprocessing = 0;
		};
		4219683329F816D80044606A /* Resources */ = {
			isa = PBXResourcesBuildPhase;
			buildActionMask = 2147483647;
			files = (
			);
			runOnlyForDeploymentPostprocessing = 0;
		};
		4219683D29F816D80044606A /* Resources */ = {
			isa = PBXResourcesBuildPhase;
			buildActionMask = 2147483647;
			files = (
			);
			runOnlyForDeploymentPostprocessing = 0;
		};
/* End PBXResourcesBuildPhase section */

/* Begin PBXSourcesBuildPhase section */
		4219682129F816D60044606A /* Sources */ = {
			isa = PBXSourcesBuildPhase;
			buildActionMask = 2147483647;
			files = (
				42E1779329FD65DA00F14617 /* RecipeVM.swift in Sources */,
				4219682B29F816D60044606A /* ContentView.swift in Sources */,
				4219682929F816D60044606A /* RecipesApp.swift in Sources */,
				42E1779B29FD72A200F14617 /* SelectedRecipe.swift in Sources */,
				42E1779D29FD848100F14617 /* Ingredient.swift in Sources */,
				42E1779729FD68D400F14617 /* RemoteImage.swift in Sources */,
				42E1779529FD668D00F14617 /* Recipe.swift in Sources */,
				42E1779929FD6AC000F14617 /* SelectedVM.swift in Sources */,
			);
			runOnlyForDeploymentPostprocessing = 0;
		};
		4219683129F816D80044606A /* Sources */ = {
			isa = PBXSourcesBuildPhase;
			buildActionMask = 2147483647;
			files = (
				4219683A29F816D80044606A /* RecipesTests.swift in Sources */,
			);
			runOnlyForDeploymentPostprocessing = 0;
		};
		4219683B29F816D80044606A /* Sources */ = {
			isa = PBXSourcesBuildPhase;
			buildActionMask = 2147483647;
			files = (
				4219684629F816D80044606A /* RecipesUITestsLaunchTests.swift in Sources */,
				4219684429F816D80044606A /* RecipesUITests.swift in Sources */,
			);
			runOnlyForDeploymentPostprocessing = 0;
		};
/* End PBXSourcesBuildPhase section */

/* Begin PBXTargetDependency section */
		4219683729F816D80044606A /* PBXTargetDependency */ = {
			isa = PBXTargetDependency;
			target = 4219682429F816D60044606A /* Recipes */;
			targetProxy = 4219683629F816D80044606A /* PBXContainerItemProxy */;
		};
		4219684129F816D80044606A /* PBXTargetDependency */ = {
			isa = PBXTargetDependency;
			target = 4219682429F816D60044606A /* Recipes */;
			targetProxy = 4219684029F816D80044606A /* PBXContainerItemProxy */;
		};
/* End PBXTargetDependency section */

/* Begin XCBuildConfiguration section */
		4219684729F816D80044606A /* Debug */ = {
			isa = XCBuildConfiguration;
			buildSettings = {
				ALWAYS_SEARCH_USER_PATHS = NO;
				CLANG_ANALYZER_NONNULL = YES;
				CLANG_ANALYZER_NUMBER_OBJECT_CONVERSION = YES_AGGRESSIVE;
				CLANG_CXX_LANGUAGE_STANDARD = "gnu++20";
				CLANG_ENABLE_MODULES = YES;
				CLANG_ENABLE_OBJC_ARC = YES;
				CLANG_ENABLE_OBJC_WEAK = YES;
				CLANG_WARN_BLOCK_CAPTURE_AUTORELEASING = YES;
				CLANG_WARN_BOOL_CONVERSION = YES;
				CLANG_WARN_COMMA = YES;
				CLANG_WARN_CONSTANT_CONVERSION = YES;
				CLANG_WARN_DEPRECATED_OBJC_IMPLEMENTATIONS = YES;
				CLANG_WARN_DIRECT_OBJC_ISA_USAGE = YES_ERROR;
				CLANG_WARN_DOCUMENTATION_COMMENTS = YES;
				CLANG_WARN_EMPTY_BODY = YES;
				CLANG_WARN_ENUM_CONVERSION = YES;
				CLANG_WARN_INFINITE_RECURSION = YES;
				CLANG_WARN_INT_CONVERSION = YES;
				CLANG_WARN_NON_LITERAL_NULL_CONVERSION = YES;
				CLANG_WARN_OBJC_IMPLICIT_RETAIN_SELF = YES;
				CLANG_WARN_OBJC_LITERAL_CONVERSION = YES;
				CLANG_WARN_OBJC_ROOT_CLASS = YES_ERROR;
				CLANG_WARN_QUOTED_INCLUDE_IN_FRAMEWORK_HEADER = YES;
				CLANG_WARN_RANGE_LOOP_ANALYSIS = YES;
				CLANG_WARN_STRICT_PROTOTYPES = YES;
				CLANG_WARN_SUSPICIOUS_MOVE = YES;
				CLANG_WARN_UNGUARDED_AVAILABILITY = YES_AGGRESSIVE;
				CLANG_WARN_UNREACHABLE_CODE = YES;
				CLANG_WARN__DUPLICATE_METHOD_MATCH = YES;
				COPY_PHASE_STRIP = NO;
				DEBUG_INFORMATION_FORMAT = dwarf;
				ENABLE_STRICT_OBJC_MSGSEND = YES;
				ENABLE_TESTABILITY = YES;
				GCC_C_LANGUAGE_STANDARD = gnu11;
				GCC_DYNAMIC_NO_PIC = NO;
				GCC_NO_COMMON_BLOCKS = YES;
				GCC_OPTIMIZATION_LEVEL = 0;
				GCC_PREPROCESSOR_DEFINITIONS = (
					"DEBUG=1",
					"$(inherited)",
				);
				GCC_WARN_64_TO_32_BIT_CONVERSION = YES;
				GCC_WARN_ABOUT_RETURN_TYPE = YES_ERROR;
				GCC_WARN_UNDECLARED_SELECTOR = YES;
				GCC_WARN_UNINITIALIZED_AUTOS = YES_AGGRESSIVE;
				GCC_WARN_UNUSED_FUNCTION = YES;
				GCC_WARN_UNUSED_VARIABLE = YES;
				IPHONEOS_DEPLOYMENT_TARGET = 16.4;
				MTL_ENABLE_DEBUG_INFO = INCLUDE_SOURCE;
				MTL_FAST_MATH = YES;
				ONLY_ACTIVE_ARCH = YES;
				SDKROOT = iphoneos;
				SWIFT_ACTIVE_COMPILATION_CONDITIONS = DEBUG;
				SWIFT_OPTIMIZATION_LEVEL = "-Onone";
			};
			name = Debug;
		};
		4219684829F816D80044606A /* Release */ = {
			isa = XCBuildConfiguration;
			buildSettings = {
				ALWAYS_SEARCH_USER_PATHS = NO;
				CLANG_ANALYZER_NONNULL = YES;
				CLANG_ANALYZER_NUMBER_OBJECT_CONVERSION = YES_AGGRESSIVE;
				CLANG_CXX_LANGUAGE_STANDARD = "gnu++20";
				CLANG_ENABLE_MODULES = YES;
				CLANG_ENABLE_OBJC_ARC = YES;
				CLANG_ENABLE_OBJC_WEAK = YES;
				CLANG_WARN_BLOCK_CAPTURE_AUTORELEASING = YES;
				CLANG_WARN_BOOL_CONVERSION = YES;
				CLANG_WARN_COMMA = YES;
				CLANG_WARN_CONSTANT_CONVERSION = YES;
				CLANG_WARN_DEPRECATED_OBJC_IMPLEMENTATIONS = YES;
				CLANG_WARN_DIRECT_OBJC_ISA_USAGE = YES_ERROR;
				CLANG_WARN_DOCUMENTATION_COMMENTS = YES;
				CLANG_WARN_EMPTY_BODY = YES;
				CLANG_WARN_ENUM_CONVERSION = YES;
				CLANG_WARN_INFINITE_RECURSION = YES;
				CLANG_WARN_INT_CONVERSION = YES;
				CLANG_WARN_NON_LITERAL_NULL_CONVERSION = YES;
				CLANG_WARN_OBJC_IMPLICIT_RETAIN_SELF = YES;
				CLANG_WARN_OBJC_LITERAL_CONVERSION = YES;
				CLANG_WARN_OBJC_ROOT_CLASS = YES_ERROR;
				CLANG_WARN_QUOTED_INCLUDE_IN_FRAMEWORK_HEADER = YES;
				CLANG_WARN_RANGE_LOOP_ANALYSIS = YES;
				CLANG_WARN_STRICT_PROTOTYPES = YES;
				CLANG_WARN_SUSPICIOUS_MOVE = YES;
				CLANG_WARN_UNGUARDED_AVAILABILITY = YES_AGGRESSIVE;
				CLANG_WARN_UNREACHABLE_CODE = YES;
				CLANG_WARN__DUPLICATE_METHOD_MATCH = YES;
				COPY_PHASE_STRIP = NO;
				DEBUG_INFORMATION_FORMAT = "dwarf-with-dsym";
				ENABLE_NS_ASSERTIONS = NO;
				ENABLE_STRICT_OBJC_MSGSEND = YES;
				GCC_C_LANGUAGE_STANDARD = gnu11;
				GCC_NO_COMMON_BLOCKS = YES;
				GCC_WARN_64_TO_32_BIT_CONVERSION = YES;
				GCC_WARN_ABOUT_RETURN_TYPE = YES_ERROR;
				GCC_WARN_UNDECLARED_SELECTOR = YES;
				GCC_WARN_UNINITIALIZED_AUTOS = YES_AGGRESSIVE;
				GCC_WARN_UNUSED_FUNCTION = YES;
				GCC_WARN_UNUSED_VARIABLE = YES;
				IPHONEOS_DEPLOYMENT_TARGET = 16.4;
				MTL_ENABLE_DEBUG_INFO = NO;
				MTL_FAST_MATH = YES;
				SDKROOT = iphoneos;
				SWIFT_COMPILATION_MODE = wholemodule;
				SWIFT_OPTIMIZATION_LEVEL = "-O";
				VALIDATE_PRODUCT = YES;
			};
			name = Release;
		};
		4219684A29F816D80044606A /* Debug */ = {
			isa = XCBuildConfiguration;
			buildSettings = {
				ASSETCATALOG_COMPILER_APPICON_NAME = AppIcon;
				ASSETCATALOG_COMPILER_GLOBAL_ACCENT_COLOR_NAME = AccentColor;
				CODE_SIGN_STYLE = Automatic;
				CURRENT_PROJECT_VERSION = 1;
				DEVELOPMENT_ASSET_PATHS = "\"Recipes/Preview Content\"";
				DEVELOPMENT_TEAM = 7WP7B8CL5C;
				ENABLE_PREVIEWS = YES;
				GENERATE_INFOPLIST_FILE = YES;
				INFOPLIST_FILE = Recipes/Info.plist;
				INFOPLIST_KEY_UIApplicationSupportsIndirectInputEvents = YES;
				INFOPLIST_KEY_UILaunchScreen_Generation = YES;
				INFOPLIST_KEY_UISupportedInterfaceOrientations_iPad = "UIInterfaceOrientationPortrait UIInterfaceOrientationPortraitUpsideDown UIInterfaceOrientationLandscapeLeft UIInterfaceOrientationLandscapeRight";
				INFOPLIST_KEY_UISupportedInterfaceOrientations_iPhone = "UIInterfaceOrientationPortrait UIInterfaceOrientationLandscapeLeft UIInterfaceOrientationLandscapeRight";
				LD_RUNPATH_SEARCH_PATHS = (
					"$(inherited)",
					"@executable_path/Frameworks",
				);
				MARKETING_VERSION = 1.0;
				PRODUCT_BUNDLE_IDENTIFIER = "Brandon-Kuhl.Recipes";
				PRODUCT_NAME = "$(TARGET_NAME)";
				SWIFT_EMIT_LOC_STRINGS = YES;
				SWIFT_VERSION = 5.0;
				TARGETED_DEVICE_FAMILY = "1,2";
			};
			name = Debug;
		};
		4219684B29F816D80044606A /* Release */ = {
			isa = XCBuildConfiguration;
			buildSettings = {
				ASSETCATALOG_COMPILER_APPICON_NAME = AppIcon;
				ASSETCATALOG_COMPILER_GLOBAL_ACCENT_COLOR_NAME = AccentColor;
				CODE_SIGN_STYLE = Automatic;
				CURRENT_PROJECT_VERSION = 1;
				DEVELOPMENT_ASSET_PATHS = "\"Recipes/Preview Content\"";
				DEVELOPMENT_TEAM = 7WP7B8CL5C;
				ENABLE_PREVIEWS = YES;
				GENERATE_INFOPLIST_FILE = YES;
				INFOPLIST_FILE = Recipes/Info.plist;
				INFOPLIST_KEY_UIApplicationSupportsIndirectInputEvents = YES;
				INFOPLIST_KEY_UILaunchScreen_Generation = YES;
				INFOPLIST_KEY_UISupportedInterfaceOrientations_iPad = "UIInterfaceOrientationPortrait UIInterfaceOrientationPortraitUpsideDown UIInterfaceOrientationLandscapeLeft UIInterfaceOrientationLandscapeRight";
				INFOPLIST_KEY_UISupportedInterfaceOrientations_iPhone = "UIInterfaceOrientationPortrait UIInterfaceOrientationLandscapeLeft UIInterfaceOrientationLandscapeRight";
				LD_RUNPATH_SEARCH_PATHS = (
					"$(inherited)",
					"@executable_path/Frameworks",
				);
				MARKETING_VERSION = 1.0;
				PRODUCT_BUNDLE_IDENTIFIER = "Brandon-Kuhl.Recipes";
				PRODUCT_NAME = "$(TARGET_NAME)";
				SWIFT_EMIT_LOC_STRINGS = YES;
				SWIFT_VERSION = 5.0;
				TARGETED_DEVICE_FAMILY = "1,2";
			};
			name = Release;
		};
		4219684D29F816D80044606A /* Debug */ = {
			isa = XCBuildConfiguration;
			buildSettings = {
				ALWAYS_EMBED_SWIFT_STANDARD_LIBRARIES = YES;
				BUNDLE_LOADER = "$(TEST_HOST)";
				CODE_SIGN_STYLE = Automatic;
				CURRENT_PROJECT_VERSION = 1;
				DEVELOPMENT_TEAM = 7WP7B8CL5C;
				GENERATE_INFOPLIST_FILE = YES;
				IPHONEOS_DEPLOYMENT_TARGET = 16.4;
				MARKETING_VERSION = 1.0;
				PRODUCT_BUNDLE_IDENTIFIER = "Brandon-Kuhl.RecipesTests";
				PRODUCT_NAME = "$(TARGET_NAME)";
				SWIFT_EMIT_LOC_STRINGS = NO;
				SWIFT_VERSION = 5.0;
				TARGETED_DEVICE_FAMILY = "1,2";
				TEST_HOST = "$(BUILT_PRODUCTS_DIR)/Recipes.app/$(BUNDLE_EXECUTABLE_FOLDER_PATH)/Recipes";
			};
			name = Debug;
		};
		4219684E29F816D80044606A /* Release */ = {
			isa = XCBuildConfiguration;
			buildSettings = {
				ALWAYS_EMBED_SWIFT_STANDARD_LIBRARIES = YES;
				BUNDLE_LOADER = "$(TEST_HOST)";
				CODE_SIGN_STYLE = Automatic;
				CURRENT_PROJECT_VERSION = 1;
				DEVELOPMENT_TEAM = 7WP7B8CL5C;
				GENERATE_INFOPLIST_FILE = YES;
				IPHONEOS_DEPLOYMENT_TARGET = 16.4;
				MARKETING_VERSION = 1.0;
				PRODUCT_BUNDLE_IDENTIFIER = "Brandon-Kuhl.RecipesTests";
				PRODUCT_NAME = "$(TARGET_NAME)";
				SWIFT_EMIT_LOC_STRINGS = NO;
				SWIFT_VERSION = 5.0;
				TARGETED_DEVICE_FAMILY = "1,2";
				TEST_HOST = "$(BUILT_PRODUCTS_DIR)/Recipes.app/$(BUNDLE_EXECUTABLE_FOLDER_PATH)/Recipes";
			};
			name = Release;
		};
		4219685029F816D80044606A /* Debug */ = {
			isa = XCBuildConfiguration;
			buildSettings = {
				ALWAYS_EMBED_SWIFT_STANDARD_LIBRARIES = YES;
				CODE_SIGN_STYLE = Automatic;
				CURRENT_PROJECT_VERSION = 1;
				DEVELOPMENT_TEAM = 7WP7B8CL5C;
				GENERATE_INFOPLIST_FILE = YES;
				INFOPLIST_KEY_UIApplicationSceneManifest_Generation = YES;
				MARKETING_VERSION = 1.0;
				PRODUCT_BUNDLE_IDENTIFIER = "Brandon-Kuhl.RecipesUITests";
				PRODUCT_NAME = "$(TARGET_NAME)";
				SWIFT_EMIT_LOC_STRINGS = NO;
				SWIFT_VERSION = 5.0;
				TARGETED_DEVICE_FAMILY = "1,2";
				TEST_TARGET_NAME = Recipes;
			};
			name = Debug;
		};
		4219685129F816D80044606A /* Release */ = {
			isa = XCBuildConfiguration;
			buildSettings = {
				ALWAYS_EMBED_SWIFT_STANDARD_LIBRARIES = YES;
				CODE_SIGN_STYLE = Automatic;
				CURRENT_PROJECT_VERSION = 1;
				DEVELOPMENT_TEAM = 7WP7B8CL5C;
				GENERATE_INFOPLIST_FILE = YES;
				INFOPLIST_KEY_UIApplicationSceneManifest_Generation = YES;
				MARKETING_VERSION = 1.0;
				PRODUCT_BUNDLE_IDENTIFIER = "Brandon-Kuhl.RecipesUITests";
				PRODUCT_NAME = "$(TARGET_NAME)";
				SWIFT_EMIT_LOC_STRINGS = NO;
				SWIFT_VERSION = 5.0;
				TARGETED_DEVICE_FAMILY = "1,2";
				TEST_TARGET_NAME = Recipes;
			};
			name = Release;
		};
/* End XCBuildConfiguration section */

/* Begin XCConfigurationList section */
		4219682029F816D60044606A /* Build configuration list for PBXProject "Recipes" */ = {
			isa = XCConfigurationList;
			buildConfigurations = (
				4219684729F816D80044606A /* Debug */,
				4219684829F816D80044606A /* Release */,
			);
			defaultConfigurationIsVisible = 0;
			defaultConfigurationName = Release;
		};
		4219684929F816D80044606A /* Build configuration list for PBXNativeTarget "Recipes" */ = {
			isa = XCConfigurationList;
			buildConfigurations = (
				4219684A29F816D80044606A /* Debug */,
				4219684B29F816D80044606A /* Release */,
			);
			defaultConfigurationIsVisible = 0;
			defaultConfigurationName = Release;
		};
		4219684C29F816D80044606A /* Build configuration list for PBXNativeTarget "RecipesTests" */ = {
			isa = XCConfigurationList;
			buildConfigurations = (
				4219684D29F816D80044606A /* Debug */,
				4219684E29F816D80044606A /* Release */,
			);
			defaultConfigurationIsVisible = 0;
			defaultConfigurationName = Release;
		};
		4219684F29F816D80044606A /* Build configuration list for PBXNativeTarget "RecipesUITests" */ = {
			isa = XCConfigurationList;
			buildConfigurations = (
				4219685029F816D80044606A /* Debug */,
				4219685129F816D80044606A /* Release */,
			);
			defaultConfigurationIsVisible = 0;
			defaultConfigurationName = Release;
		};
/* End XCConfigurationList section */

/* Begin XCRemoteSwiftPackageReference section */
		42703FA829FF4436009E0026 /* XCRemoteSwiftPackageReference "Kingfisher" */ = {
			isa = XCRemoteSwiftPackageReference;
			repositoryURL = "https://github.com/onevcat/Kingfisher";
			requirement = {
				kind = exactVersion;
				version = 7.6.2;
			};
		};
/* End XCRemoteSwiftPackageReference section */

/* Begin XCSwiftPackageProductDependency section */
		42703FA929FF4436009E0026 /* Kingfisher */ = {
			isa = XCSwiftPackageProductDependency;
			package = 42703FA829FF4436009E0026 /* XCRemoteSwiftPackageReference "Kingfisher" */;
			productName = Kingfisher;
		};
/* End XCSwiftPackageProductDependency section */
	};
	rootObject = 4219681D29F816D60044606A /* Project object */;
}
